
Microsoft Visual Studio Solution File, Format Version 12.00
# Visual Studio 2013
VisualStudioVersion = 12.0.21005.1
MinimumVisualStudioVersion = 10.0.40219.1
Project("{FAE04EC0-301F-11D3-BF4B-00C04F79EFBC}") = "01.JoroTheFootballPlayer", "ConsoleApplication1\01.JoroTheFootballPlayer.csproj", "{197E7158-E1BA-4B9B-BF39-BE220DEF5DEF}"
EndProject
Project("{FAE04EC0-301F-11D3-BF4B-00C04F79EFBC}") = "02.HalfSum", "02.Half Sum\02.HalfSum.csproj", "{7682D91A-9985-4AF3-A385-3F3CB961CC99}"
EndProject
Project("{FAE04EC0-301F-11D3-BF4B-00C04F79EFBC}") = "03.Sunglasses", "03.Sunglasses\03.Sunglasses.csproj", "{0F9DC814-BEEC-4FAE-B5A9-B58648CDA65D}"
EndProject
Project("{FAE04EC0-301F-11D3-BF4B-00C04F79EFBC}") = "05.BitsInverter", "05.BitsInverter\05.BitsInverter.csproj", "{0B085E7C-C066-4E02-B276-EEB3DBC666CC}"
EndProject
Project("{FAE04EC0-301F-11D3-BF4B-00C04F79EFBC}") = "01.Volleyball", "01.Volleyball\01.Volleyball.csproj", "{0A2F45FB-1C5D-4F88-B9FA-BFEE8D50935C}"
EndProject
Project("{FAE04EC0-301F-11D3-BF4B-00C04F79EFBC}") = "02.OddEvenSum", "02.OddEvenSum\02.OddEvenSum.csproj", "{6004BB0D-2703-4B9E-968E-EB34A5A1C986}"
EndProject
Project("{FAE04EC0-301F-11D3-BF4B-00C04F79EFBC}") = "03.Eclipse", "03.Eclipse\03.Eclipse.csproj", "{4B8F1030-CDAD-44CE-9797-A461560B1E7F}"
EndProject
Project("{FAE04EC0-301F-11D3-BF4B-00C04F79EFBC}") = "05.BitsUp", "05.BitsUp\05.BitsUp.csproj", "{5289FE51-1760-41AA-9430-3671940D9818}"
EndProject
Project("{FAE04EC0-301F-11D3-BF4B-00C04F79EFBC}") = "01.WorkHours", "01.WorkHours\01.WorkHours.csproj", "{95D2374A-F9A5-4C21-9A5C-E6FA95354F2B}"
EndProject
Project("{FAE04EC0-301F-11D3-BF4B-00C04F79EFBC}") = "02.SumOfElements", "02.SumOfElements\02.SumOfElements.csproj", "{7EE3AA3A-09B0-4139-BE45-00D0FABD1056}"
EndProject
Project("{FAE04EC0-301F-11D3-BF4B-00C04F79EFBC}") = "03.TheExplorer", "03.TheExplorer\03.TheExplorer.csproj", "{250214F5-4E35-401B-BE8B-F1D303B9821A}"
EndProject
Project("{FAE04EC0-301F-11D3-BF4B-00C04F79EFBC}") = "01.Cinema", "01.Cinema\01.Cinema.csproj", "{D27DA169-C16E-4F5F-9F2A-1DB60D75AE95}"
EndProject
Project("{FAE04EC0-301F-11D3-BF4B-00C04F79EFBC}") = "02.Illuminati", "02.Illuminati\02.Illuminati.csproj", "{2FBB6F22-3ACA-4886-8E1E-F1A2AC66BBCE}"
EndProject
Project("{FAE04EC0-301F-11D3-BF4B-00C04F79EFBC}") = "03.NewHouse", "03.NewHouse\03.NewHouse.csproj", "{D3849990-FBA5-4609-B027-3052E66D2EC2}"
EndProject
Project("{FAE04EC0-301F-11D3-BF4B-00C04F79EFBC}") = "01.Triangle", "01.Triangle\01.Triangle.csproj", "{D4B3B064-AD7B-4591-8C01-5FA86947A6B0}"
EndProject
Project("{FAE04EC0-301F-11D3-BF4B-00C04F79EFBC}") = "02.Pairs", "02.Pairs\02.Pairs.csproj", "{F0472782-0AE9-42E7-8C27-E63412A27FD0}"
EndProject
Project("{FAE04EC0-301F-11D3-BF4B-00C04F79EFBC}") = "03.House", "03.House\03.House.csproj", "{1FA2F3C1-C016-485B-A1D9-A547D1709FF9}"
EndProject
Project("{FAE04EC0-301F-11D3-BF4B-00C04F79EFBC}") = "01.FruitMarket", "01.FruitMarket\01.FruitMarket.csproj", "{DEEB1424-9D68-4381-A320-3A5045431575}"
EndProject
Project("{FAE04EC0-301F-11D3-BF4B-00C04F79EFBC}") = "02.BiggestTripple", "02.FruitMarket\02.BiggestTripple.csproj", "{8254A277-8B64-4302-903F-2274CE2A62BB}"
EndProject
Project("{FAE04EC0-301F-11D3-BF4B-00C04F79EFBC}") = "03.WineGlass", "03.WineGlass\03.WineGlass.csproj", "{E8ECAC1B-6AE6-4FCA-B4DC-1ACEC0B3F3ED}"
EndProject
Project("{FAE04EC0-301F-11D3-BF4B-00C04F79EFBC}") = "01.InsideTheBuilding", "01.InsideTheBuilding\01.InsideTheBuilding.csproj", "{4F4622EB-39B1-4978-8D4A-8049D3B957C2}"
EndProject
Project("{FAE04EC0-301F-11D3-BF4B-00C04F79EFBC}") = "02.StudentCables", "02.StudentCables\02.StudentCables.csproj", "{D3567A31-2BBF-4243-8DC7-1D29AE1C0DDE}"
EndProject
Project("{FAE04EC0-301F-11D3-BF4B-00C04F79EFBC}") = "03.ProgrammerDNA", "03.ProgrammerDNA\03.ProgrammerDNA.csproj", "{E681BEB4-EE3E-4DC4-98F4-D4F27792E575}"
EndProject
Global
	GlobalSection(SolutionConfigurationPlatforms) = preSolution
		Debug|Any CPU = Debug|Any CPU
		Release|Any CPU = Release|Any CPU
	EndGlobalSection
	GlobalSection(ProjectConfigurationPlatforms) = postSolution
		{197E7158-E1BA-4B9B-BF39-BE220DEF5DEF}.Debug|Any CPU.ActiveCfg = Debug|Any CPU
		{197E7158-E1BA-4B9B-BF39-BE220DEF5DEF}.Debug|Any CPU.Build.0 = Debug|Any CPU
		{197E7158-E1BA-4B9B-BF39-BE220DEF5DEF}.Release|Any CPU.ActiveCfg = Release|Any CPU
		{197E7158-E1BA-4B9B-BF39-BE220DEF5DEF}.Release|Any CPU.Build.0 = Release|Any CPU
		{7682D91A-9985-4AF3-A385-3F3CB961CC99}.Debug|Any CPU.ActiveCfg = Debug|Any CPU
		{7682D91A-9985-4AF3-A385-3F3CB961CC99}.Debug|Any CPU.Build.0 = Debug|Any CPU
		{7682D91A-9985-4AF3-A385-3F3CB961CC99}.Release|Any CPU.ActiveCfg = Release|Any CPU
		{7682D91A-9985-4AF3-A385-3F3CB961CC99}.Release|Any CPU.Build.0 = Release|Any CPU
		{0F9DC814-BEEC-4FAE-B5A9-B58648CDA65D}.Debug|Any CPU.ActiveCfg = Debug|Any CPU
		{0F9DC814-BEEC-4FAE-B5A9-B58648CDA65D}.Debug|Any CPU.Build.0 = Debug|Any CPU
		{0F9DC814-BEEC-4FAE-B5A9-B58648CDA65D}.Release|Any CPU.ActiveCfg = Release|Any CPU
		{0F9DC814-BEEC-4FAE-B5A9-B58648CDA65D}.Release|Any CPU.Build.0 = Release|Any CPU
		{0B085E7C-C066-4E02-B276-EEB3DBC666CC}.Debug|Any CPU.ActiveCfg = Debug|Any CPU
		{0B085E7C-C066-4E02-B276-EEB3DBC666CC}.Debug|Any CPU.Build.0 = Debug|Any CPU
		{0B085E7C-C066-4E02-B276-EEB3DBC666CC}.Release|Any CPU.ActiveCfg = Release|Any CPU
		{0B085E7C-C066-4E02-B276-EEB3DBC666CC}.Release|Any CPU.Build.0 = Release|Any CPU
		{0A2F45FB-1C5D-4F88-B9FA-BFEE8D50935C}.Debug|Any CPU.ActiveCfg = Debug|Any CPU
		{0A2F45FB-1C5D-4F88-B9FA-BFEE8D50935C}.Debug|Any CPU.Build.0 = Debug|Any CPU
		{0A2F45FB-1C5D-4F88-B9FA-BFEE8D50935C}.Release|Any CPU.ActiveCfg = Release|Any CPU
		{0A2F45FB-1C5D-4F88-B9FA-BFEE8D50935C}.Release|Any CPU.Build.0 = Release|Any CPU
		{6004BB0D-2703-4B9E-968E-EB34A5A1C986}.Debug|Any CPU.ActiveCfg = Debug|Any CPU
		{6004BB0D-2703-4B9E-968E-EB34A5A1C986}.Debug|Any CPU.Build.0 = Debug|Any CPU
		{6004BB0D-2703-4B9E-968E-EB34A5A1C986}.Release|Any CPU.ActiveCfg = Release|Any CPU
		{6004BB0D-2703-4B9E-968E-EB34A5A1C986}.Release|Any CPU.Build.0 = Release|Any CPU
		{4B8F1030-CDAD-44CE-9797-A461560B1E7F}.Debug|Any CPU.ActiveCfg = Debug|Any CPU
		{4B8F1030-CDAD-44CE-9797-A461560B1E7F}.Debug|Any CPU.Build.0 = Debug|Any CPU
		{4B8F1030-CDAD-44CE-9797-A461560B1E7F}.Release|Any CPU.ActiveCfg = Release|Any CPU
		{4B8F1030-CDAD-44CE-9797-A461560B1E7F}.Release|Any CPU.Build.0 = Release|Any CPU
		{5289FE51-1760-41AA-9430-3671940D9818}.Debug|Any CPU.ActiveCfg = Debug|Any CPU
		{5289FE51-1760-41AA-9430-3671940D9818}.Debug|Any CPU.Build.0 = Debug|Any CPU
		{5289FE51-1760-41AA-9430-3671940D9818}.Release|Any CPU.ActiveCfg = Release|Any CPU
		{5289FE51-1760-41AA-9430-3671940D9818}.Release|Any CPU.Build.0 = Release|Any CPU
		{95D2374A-F9A5-4C21-9A5C-E6FA95354F2B}.Debug|Any CPU.ActiveCfg = Debug|Any CPU
		{95D2374A-F9A5-4C21-9A5C-E6FA95354F2B}.Debug|Any CPU.Build.0 = Debug|Any CPU
		{95D2374A-F9A5-4C21-9A5C-E6FA95354F2B}.Release|Any CPU.ActiveCfg = Release|Any CPU
		{95D2374A-F9A5-4C21-9A5C-E6FA95354F2B}.Release|Any CPU.Build.0 = Release|Any CPU
		{7EE3AA3A-09B0-4139-BE45-00D0FABD1056}.Debug|Any CPU.ActiveCfg = Debug|Any CPU
		{7EE3AA3A-09B0-4139-BE45-00D0FABD1056}.Debug|Any CPU.Build.0 = Debug|Any CPU
		{7EE3AA3A-09B0-4139-BE45-00D0FABD1056}.Release|Any CPU.ActiveCfg = Release|Any CPU
		{7EE3AA3A-09B0-4139-BE45-00D0FABD1056}.Release|Any CPU.Build.0 = Release|Any CPU
		{250214F5-4E35-401B-BE8B-F1D303B9821A}.Debug|Any CPU.ActiveCfg = Debug|Any CPU
		{250214F5-4E35-401B-BE8B-F1D303B9821A}.Debug|Any CPU.Build.0 = Debug|Any CPU
		{250214F5-4E35-401B-BE8B-F1D303B9821A}.Release|Any CPU.ActiveCfg = Release|Any CPU
		{250214F5-4E35-401B-BE8B-F1D303B9821A}.Release|Any CPU.Build.0 = Release|Any CPU
		{D27DA169-C16E-4F5F-9F2A-1DB60D75AE95}.Debug|Any CPU.ActiveCfg = Debug|Any CPU
		{D27DA169-C16E-4F5F-9F2A-1DB60D75AE95}.Debug|Any CPU.Build.0 = Debug|Any CPU
		{D27DA169-C16E-4F5F-9F2A-1DB60D75AE95}.Release|Any CPU.ActiveCfg = Release|Any CPU
		{D27DA169-C16E-4F5F-9F2A-1DB60D75AE95}.Release|Any CPU.Build.0 = Release|Any CPU
		{2FBB6F22-3ACA-4886-8E1E-F1A2AC66BBCE}.Debug|Any CPU.ActiveCfg = Debug|Any CPU
		{2FBB6F22-3ACA-4886-8E1E-F1A2AC66BBCE}.Debug|Any CPU.Build.0 = Debug|Any CPU
		{2FBB6F22-3ACA-4886-8E1E-F1A2AC66BBCE}.Release|Any CPU.ActiveCfg = Release|Any CPU
		{2FBB6F22-3ACA-4886-8E1E-F1A2AC66BBCE}.Release|Any CPU.Build.0 = Release|Any CPU
		{D3849990-FBA5-4609-B027-3052E66D2EC2}.Debug|Any CPU.ActiveCfg = Debug|Any CPU
		{D3849990-FBA5-4609-B027-3052E66D2EC2}.Debug|Any CPU.Build.0 = Debug|Any CPU
		{D3849990-FBA5-4609-B027-3052E66D2EC2}.Release|Any CPU.ActiveCfg = Release|Any CPU
		{D3849990-FBA5-4609-B027-3052E66D2EC2}.Release|Any CPU.Build.0 = Release|Any CPU
		{D4B3B064-AD7B-4591-8C01-5FA86947A6B0}.Debug|Any CPU.ActiveCfg = Debug|Any CPU
		{D4B3B064-AD7B-4591-8C01-5FA86947A6B0}.Debug|Any CPU.Build.0 = Debug|Any CPU
		{D4B3B064-AD7B-4591-8C01-5FA86947A6B0}.Release|Any CPU.ActiveCfg = Release|Any CPU
		{D4B3B064-AD7B-4591-8C01-5FA86947A6B0}.Release|Any CPU.Build.0 = Release|Any CPU
		{F0472782-0AE9-42E7-8C27-E63412A27FD0}.Debug|Any CPU.ActiveCfg = Debug|Any CPU
		{F0472782-0AE9-42E7-8C27-E63412A27FD0}.Debug|Any CPU.Build.0 = Debug|Any CPU
		{F0472782-0AE9-42E7-8C27-E63412A27FD0}.Release|Any CPU.ActiveCfg = Release|Any CPU
		{F0472782-0AE9-42E7-8C27-E63412A27FD0}.Release|Any CPU.Build.0 = Release|Any CPU
		{1FA2F3C1-C016-485B-A1D9-A547D1709FF9}.Debug|Any CPU.ActiveCfg = Debug|Any CPU
		{1FA2F3C1-C016-485B-A1D9-A547D1709FF9}.Debug|Any CPU.Build.0 = Debug|Any CPU
		{1FA2F3C1-C016-485B-A1D9-A547D1709FF9}.Release|Any CPU.ActiveCfg = Release|Any CPU
		{1FA2F3C1-C016-485B-A1D9-A547D1709FF9}.Release|Any CPU.Build.0 = Release|Any CPU
		{DEEB1424-9D68-4381-A320-3A5045431575}.Debug|Any CPU.ActiveCfg = Debug|Any CPU
		{DEEB1424-9D68-4381-A320-3A5045431575}.Debug|Any CPU.Build.0 = Debug|Any CPU
		{DEEB1424-9D68-4381-A320-3A5045431575}.Release|Any CPU.ActiveCfg = Release|Any CPU
		{DEEB1424-9D68-4381-A320-3A5045431575}.Release|Any CPU.Build.0 = Release|Any CPU
		{8254A277-8B64-4302-903F-2274CE2A62BB}.Debug|Any CPU.ActiveCfg = Debug|Any CPU
		{8254A277-8B64-4302-903F-2274CE2A62BB}.Debug|Any CPU.Build.0 = Debug|Any CPU
		{8254A277-8B64-4302-903F-2274CE2A62BB}.Release|Any CPU.ActiveCfg = Release|Any CPU
		{8254A277-8B64-4302-903F-2274CE2A62BB}.Release|Any CPU.Build.0 = Release|Any CPU
		{E8ECAC1B-6AE6-4FCA-B4DC-1ACEC0B3F3ED}.Debug|Any CPU.ActiveCfg = Debug|Any CPU
		{E8ECAC1B-6AE6-4FCA-B4DC-1ACEC0B3F3ED}.Debug|Any CPU.Build.0 = Debug|Any CPU
		{E8ECAC1B-6AE6-4FCA-B4DC-1ACEC0B3F3ED}.Release|Any CPU.ActiveCfg = Release|Any CPU
		{E8ECAC1B-6AE6-4FCA-B4DC-1ACEC0B3F3ED}.Release|Any CPU.Build.0 = Release|Any CPU
		{4F4622EB-39B1-4978-8D4A-8049D3B957C2}.Debug|Any CPU.ActiveCfg = Debug|Any CPU
		{4F4622EB-39B1-4978-8D4A-8049D3B957C2}.Debug|Any CPU.Build.0 = Debug|Any CPU
		{4F4622EB-39B1-4978-8D4A-8049D3B957C2}.Release|Any CPU.ActiveCfg = Release|Any CPU
		{4F4622EB-39B1-4978-8D4A-8049D3B957C2}.Release|Any CPU.Build.0 = Release|Any CPU
		{D3567A31-2BBF-4243-8DC7-1D29AE1C0DDE}.Debug|Any CPU.ActiveCfg = Debug|Any CPU
		{D3567A31-2BBF-4243-8DC7-1D29AE1C0DDE}.Debug|Any CPU.Build.0 = Debug|Any CPU
		{D3567A31-2BBF-4243-8DC7-1D29AE1C0DDE}.Release|Any CPU.ActiveCfg = Release|Any CPU
		{D3567A31-2BBF-4243-8DC7-1D29AE1C0DDE}.Release|Any CPU.Build.0 = Release|Any CPU
		{E681BEB4-EE3E-4DC4-98F4-D4F27792E575}.Debug|Any CPU.ActiveCfg = Debug|Any CPU
		{E681BEB4-EE3E-4DC4-98F4-D4F27792E575}.Debug|Any CPU.Build.0 = Debug|Any CPU
		{E681BEB4-EE3E-4DC4-98F4-D4F27792E575}.Release|Any CPU.ActiveCfg = Release|Any CPU
		{E681BEB4-EE3E-4DC4-98F4-D4F27792E575}.Release|Any CPU.Build.0 = Release|Any CPU
	EndGlobalSection
	GlobalSection(SolutionProperties) = preSolution
		HideSolutionNode = FALSE
	EndGlobalSection
EndGlobal
